// !$*UTF8*$!
{
	archiveVersion = 1;
	classes = {
	};
	objectVersion = 46;
	objects = {

/* Begin PBXBuildFile section */
		BA0A0EC718F7C49E00E45846 /* whats_next_circle.png in Resources */ = {isa = PBXBuildFile; fileRef = BA0A0EC618F7C49E00E45846 /* whats_next_circle.png */; };
		BA0A0ECC18F7C62C00E45846 /* DACircularProgressView.m in Sources */ = {isa = PBXBuildFile; fileRef = BA0A0ECB18F7C62C00E45846 /* DACircularProgressView.m */; };
		BA0A0ECF18F7DE7500E45846 /* SixthViewController.xib in Resources */ = {isa = PBXBuildFile; fileRef = BA0A0ECE18F7DE7500E45846 /* SixthViewController.xib */; };
		BA0A0ED118F8CA7200E45846 /* loading.png in Resources */ = {isa = PBXBuildFile; fileRef = BA0A0ED018F8CA7200E45846 /* loading.png */; };
		BA0A0ED418F926DD00E45846 /* CoreData.framework in Frameworks */ = {isa = PBXBuildFile; fileRef = BA0A0ED318F926DC00E45846 /* CoreData.framework */; };
		BA0A0EDD18F9597700E45846 /* README.md in Resources */ = {isa = PBXBuildFile; fileRef = BA0A0EDC18F9597700E45846 /* README.md */; };
		BA0A0EE418FA059100E45846 /* FirstViewController.xib in Resources */ = {isa = PBXBuildFile; fileRef = BA0A0EE318FA059100E45846 /* FirstViewController.xib */; };
		BA140E9518F55D2F0041340F /* university_icon.png in Resources */ = {isa = PBXBuildFile; fileRef = BA140E9418F55D2F0041340F /* university_icon.png */; };
		BA140E9C18F563010041340F /* SixthViewController.m in Sources */ = {isa = PBXBuildFile; fileRef = BA140E9A18F563010041340F /* SixthViewController.m */; };
		BA47035F18F1217F00B87BEE /* Foundation.framework in Frameworks */ = {isa = PBXBuildFile; fileRef = BA47035E18F1217F00B87BEE /* Foundation.framework */; };
		BA47036118F1217F00B87BEE /* CoreGraphics.framework in Frameworks */ = {isa = PBXBuildFile; fileRef = BA47036018F1217F00B87BEE /* CoreGraphics.framework */; };
		BA47036318F1217F00B87BEE /* UIKit.framework in Frameworks */ = {isa = PBXBuildFile; fileRef = BA47036218F1217F00B87BEE /* UIKit.framework */; };
		BA47036918F1217F00B87BEE /* InfoPlist.strings in Resources */ = {isa = PBXBuildFile; fileRef = BA47036718F1217F00B87BEE /* InfoPlist.strings */; };
		BA47036B18F1217F00B87BEE /* main.m in Sources */ = {isa = PBXBuildFile; fileRef = BA47036A18F1217F00B87BEE /* main.m */; };
		BA47036F18F1217F00B87BEE /* AppDelegate.m in Sources */ = {isa = PBXBuildFile; fileRef = BA47036E18F1217F00B87BEE /* AppDelegate.m */; };
		BA47037218F1217F00B87BEE /* Main.storyboard in Resources */ = {isa = PBXBuildFile; fileRef = BA47037018F1217F00B87BEE /* Main.storyboard */; };
		BA47037518F1217F00B87BEE /* ViewController.m in Sources */ = {isa = PBXBuildFile; fileRef = BA47037418F1217F00B87BEE /* ViewController.m */; };
		BA47037718F1217F00B87BEE /* Images.xcassets in Resources */ = {isa = PBXBuildFile; fileRef = BA47037618F1217F00B87BEE /* Images.xcassets */; };
		BA47037E18F1217F00B87BEE /* XCTest.framework in Frameworks */ = {isa = PBXBuildFile; fileRef = BA47037D18F1217F00B87BEE /* XCTest.framework */; };
		BA47037F18F1217F00B87BEE /* Foundation.framework in Frameworks */ = {isa = PBXBuildFile; fileRef = BA47035E18F1217F00B87BEE /* Foundation.framework */; };
		BA47038018F1217F00B87BEE /* UIKit.framework in Frameworks */ = {isa = PBXBuildFile; fileRef = BA47036218F1217F00B87BEE /* UIKit.framework */; };
		BA47038818F1217F00B87BEE /* InfoPlist.strings in Resources */ = {isa = PBXBuildFile; fileRef = BA47038618F1217F00B87BEE /* InfoPlist.strings */; };
		BA47038A18F1217F00B87BEE /* Sam_TurnerTests.m in Sources */ = {isa = PBXBuildFile; fileRef = BA47038918F1217F00B87BEE /* Sam_TurnerTests.m */; };
		BA47039618F121A100B87BEE /* SecondViewController.m in Sources */ = {isa = PBXBuildFile; fileRef = BA47039418F121A100B87BEE /* SecondViewController.m */; };
		BA47039718F121A100B87BEE /* SecondViewController.xib in Resources */ = {isa = PBXBuildFile; fileRef = BA47039518F121A100B87BEE /* SecondViewController.xib */; };
		BA47039C18F121B300B87BEE /* FirstViewController.m in Sources */ = {isa = PBXBuildFile; fileRef = BA47039A18F121B300B87BEE /* FirstViewController.m */; };
		BA4703A118F121C500B87BEE /* particleScene.m in Sources */ = {isa = PBXBuildFile; fileRef = BA4703A018F121C500B87BEE /* particleScene.m */; };
		BA4703AA18F122E400B87BEE /* spark.png in Resources */ = {isa = PBXBuildFile; fileRef = BA4703A918F122E400B87BEE /* spark.png */; };
		BA4703AF18F129B500B87BEE /* MapKit.framework in Frameworks */ = {isa = PBXBuildFile; fileRef = BA4703AE18F129B500B87BEE /* MapKit.framework */; };
		BA4703B118F129BB00B87BEE /* SpriteKit.framework in Frameworks */ = {isa = PBXBuildFile; fileRef = BA4703B018F129BB00B87BEE /* SpriteKit.framework */; };
		BA4703B718F13EB900B87BEE /* FontAwesome.ttf in Resources */ = {isa = PBXBuildFile; fileRef = BA4703B618F13EB900B87BEE /* FontAwesome.ttf */; };
		BA4703BA18F13EC900B87BEE /* NSString+FontAwesome.m in Sources */ = {isa = PBXBuildFile; fileRef = BA4703B918F13EC900B87BEE /* NSString+FontAwesome.m */; };
		BA4BE2D218F6D6E00007B3EE /* SKBounceAnimation.m in Sources */ = {isa = PBXBuildFile; fileRef = BA4BE2D118F6D6E00007B3EE /* SKBounceAnimation.m */; };
		BA76609F18F24C0E008BD6D7 /* projects_content.md in Resources */ = {isa = PBXBuildFile; fileRef = BA76609E18F24C0E008BD6D7 /* projects_content.md */; };
		BA86F15618F26CB800809D93 /* ThirdViewTableViewCell.m in Sources */ = {isa = PBXBuildFile; fileRef = BA86F15518F26CB800809D93 /* ThirdViewTableViewCell.m */; };
		BA86F15918F289B700809D93 /* muro_icon.png in Resources */ = {isa = PBXBuildFile; fileRef = BA86F15818F289B700809D93 /* muro_icon.png */; };
		BA86F15C18F2955400809D93 /* Project.m in Sources */ = {isa = PBXBuildFile; fileRef = BA86F15B18F2955400809D93 /* Project.m */; };
		BA86F15F18F29D9000809D93 /* dollarlog_icon.png in Resources */ = {isa = PBXBuildFile; fileRef = BA86F15E18F29D9000809D93 /* dollarlog_icon.png */; };
		BA98BD2618F1541300052EC8 /* sam_hello.png in Resources */ = {isa = PBXBuildFile; fileRef = BA98BD2518F1541300052EC8 /* sam_hello.png */; };
		BA98BD2818F1596300052EC8 /* BaseViewController.m in Sources */ = {isa = PBXBuildFile; fileRef = BA98BD2718F1596300052EC8 /* BaseViewController.m */; };
		BA98BD3918F1653200052EC8 /* ThirdViewController.m in Sources */ = {isa = PBXBuildFile; fileRef = BA98BD3718F1653200052EC8 /* ThirdViewController.m */; };
		BA98BD3A18F1653200052EC8 /* ThirdViewController.xib in Resources */ = {isa = PBXBuildFile; fileRef = BA98BD3818F1653200052EC8 /* ThirdViewController.xib */; };
		BA98BD3D18F165D300052EC8 /* ThirdViewCell.xib in Resources */ = {isa = PBXBuildFile; fileRef = BA98BD3C18F165D300052EC8 /* ThirdViewCell.xib */; };
		BA98BD4518F17FF000052EC8 /* CellDetailViewController.m in Sources */ = {isa = PBXBuildFile; fileRef = BA98BD4318F17FF000052EC8 /* CellDetailViewController.m */; };
		BA98BD4618F17FF000052EC8 /* CellDetailViewController.xib in Resources */ = {isa = PBXBuildFile; fileRef = BA98BD4418F17FF000052EC8 /* CellDetailViewController.xib */; };
		BABC928F18F3D25B0037B02F /* QuartzCore.framework in Frameworks */ = {isa = PBXBuildFile; fileRef = BABC928E18F3D25B0037B02F /* QuartzCore.framework */; };
		BAD79A1F18F40796001EE6DC /* jobgps_icon.png in Resources */ = {isa = PBXBuildFile; fileRef = BAD79A1E18F40796001EE6DC /* jobgps_icon.png */; };
		BAD79A2118F4161B001EE6DC /* pixol_icon.png in Resources */ = {isa = PBXBuildFile; fileRef = BAD79A2018F4161B001EE6DC /* pixol_icon.png */; };
		BAD79A2318F41673001EE6DC /* work_icon.png in Resources */ = {isa = PBXBuildFile; fileRef = BAD79A2218F41673001EE6DC /* work_icon.png */; };
		BAD79A2518F41EB0001EE6DC /* page_drop_shadow.png in Resources */ = {isa = PBXBuildFile; fileRef = BAD79A2418F41EB0001EE6DC /* page_drop_shadow.png */; };
		BADDBF3918F2CB1F003B8D88 /* FourthViewController.m in Sources */ = {isa = PBXBuildFile; fileRef = BADDBF3718F2CB1F003B8D88 /* FourthViewController.m */; };
		BADDBF3A18F2CB1F003B8D88 /* FourthViewController.xib in Resources */ = {isa = PBXBuildFile; fileRef = BADDBF3818F2CB1F003B8D88 /* FourthViewController.xib */; };
		BADDBF4218F2CBD0003B8D88 /* FifthViewController.m in Sources */ = {isa = PBXBuildFile; fileRef = BADDBF4018F2CBD0003B8D88 /* FifthViewController.m */; };
		BADDBF4318F2CBD0003B8D88 /* FifthViewController.xib in Resources */ = {isa = PBXBuildFile; fileRef = BADDBF4118F2CBD0003B8D88 /* FifthViewController.xib */; };
/* End PBXBuildFile section */

/* Begin PBXContainerItemProxy section */
		BA47038118F1217F00B87BEE /* PBXContainerItemProxy */ = {
			isa = PBXContainerItemProxy;
			containerPortal = BA47035318F1217F00B87BEE /* Project object */;
			proxyType = 1;
			remoteGlobalIDString = BA47035A18F1217F00B87BEE;
			remoteInfo = "Sam Turner";
		};
/* End PBXContainerItemProxy section */

/* Begin PBXFileReference section */
		BA0A0EC618F7C49E00E45846 /* whats_next_circle.png */ = {isa = PBXFileReference; lastKnownFileType = image.png; path = whats_next_circle.png; sourceTree = "<group>"; };
		BA0A0ECA18F7C62C00E45846 /* DACircularProgressView.h */ = {isa = PBXFileReference; fileEncoding = 4; lastKnownFileType = sourcecode.c.h; path = DACircularProgressView.h; sourceTree = "<group>"; };
		BA0A0ECB18F7C62C00E45846 /* DACircularProgressView.m */ = {isa = PBXFileReference; fileEncoding = 4; lastKnownFileType = sourcecode.c.objc; path = DACircularProgressView.m; sourceTree = "<group>"; };
		BA0A0ECE18F7DE7500E45846 /* SixthViewController.xib */ = {isa = PBXFileReference; fileEncoding = 4; lastKnownFileType = file.xib; path = SixthViewController.xib; sourceTree = "<group>"; };
		BA0A0ED018F8CA7200E45846 /* loading.png */ = {isa = PBXFileReference; lastKnownFileType = image.png; path = loading.png; sourceTree = "<group>"; };
		BA0A0ED318F926DC00E45846 /* CoreData.framework */ = {isa = PBXFileReference; lastKnownFileType = wrapper.framework; name = CoreData.framework; path = System/Library/Frameworks/CoreData.framework; sourceTree = SDKROOT; };
		BA0A0EDC18F9597700E45846 /* README.md */ = {isa = PBXFileReference; fileEncoding = 4; lastKnownFileType = text; name = README.md; path = ../README.md; sourceTree = "<group>"; };
		BA0A0EE318FA059100E45846 /* FirstViewController.xib */ = {isa = PBXFileReference; fileEncoding = 4; lastKnownFileType = file.xib; path = FirstViewController.xib; sourceTree = "<group>"; };
		BA140E9418F55D2F0041340F /* university_icon.png */ = {isa = PBXFileReference; lastKnownFileType = image.png; path = university_icon.png; sourceTree = "<group>"; };
		BA140E9918F563010041340F /* SixthViewController.h */ = {isa = PBXFileReference; fileEncoding = 4; lastKnownFileType = sourcecode.c.h; path = SixthViewController.h; sourceTree = "<group>"; };
		BA140E9A18F563010041340F /* SixthViewController.m */ = {isa = PBXFileReference; fileEncoding = 4; lastKnownFileType = sourcecode.c.objc; path = SixthViewController.m; sourceTree = "<group>"; };
		BA47035B18F1217F00B87BEE /* Sam Turner.app */ = {isa = PBXFileReference; explicitFileType = wrapper.application; includeInIndex = 0; path = "Sam Turner.app"; sourceTree = BUILT_PRODUCTS_DIR; };
		BA47035E18F1217F00B87BEE /* Foundation.framework */ = {isa = PBXFileReference; lastKnownFileType = wrapper.framework; name = Foundation.framework; path = System/Library/Frameworks/Foundation.framework; sourceTree = SDKROOT; };
		BA47036018F1217F00B87BEE /* CoreGraphics.framework */ = {isa = PBXFileReference; lastKnownFileType = wrapper.framework; name = CoreGraphics.framework; path = System/Library/Frameworks/CoreGraphics.framework; sourceTree = SDKROOT; };
		BA47036218F1217F00B87BEE /* UIKit.framework */ = {isa = PBXFileReference; lastKnownFileType = wrapper.framework; name = UIKit.framework; path = System/Library/Frameworks/UIKit.framework; sourceTree = SDKROOT; };
		BA47036618F1217F00B87BEE /* Sam Turner-Info.plist */ = {isa = PBXFileReference; lastKnownFileType = text.plist.xml; path = "Sam Turner-Info.plist"; sourceTree = "<group>"; };
		BA47036818F1217F00B87BEE /* en */ = {isa = PBXFileReference; lastKnownFileType = text.plist.strings; name = en; path = en.lproj/InfoPlist.strings; sourceTree = "<group>"; };
		BA47036A18F1217F00B87BEE /* main.m */ = {isa = PBXFileReference; lastKnownFileType = sourcecode.c.objc; path = main.m; sourceTree = "<group>"; };
		BA47036C18F1217F00B87BEE /* Sam Turner-Prefix.pch */ = {isa = PBXFileReference; lastKnownFileType = sourcecode.c.h; path = "Sam Turner-Prefix.pch"; sourceTree = "<group>"; };
		BA47036D18F1217F00B87BEE /* AppDelegate.h */ = {isa = PBXFileReference; lastKnownFileType = sourcecode.c.h; path = AppDelegate.h; sourceTree = "<group>"; };
		BA47036E18F1217F00B87BEE /* AppDelegate.m */ = {isa = PBXFileReference; lastKnownFileType = sourcecode.c.objc; path = AppDelegate.m; sourceTree = "<group>"; };
		BA47037118F1217F00B87BEE /* Base */ = {isa = PBXFileReference; lastKnownFileType = file.storyboard; name = Base; path = Base.lproj/Main.storyboard; sourceTree = "<group>"; };
		BA47037318F1217F00B87BEE /* ViewController.h */ = {isa = PBXFileReference; lastKnownFileType = sourcecode.c.h; path = ViewController.h; sourceTree = "<group>"; };
		BA47037418F1217F00B87BEE /* ViewController.m */ = {isa = PBXFileReference; lastKnownFileType = sourcecode.c.objc; path = ViewController.m; sourceTree = "<group>"; };
		BA47037618F1217F00B87BEE /* Images.xcassets */ = {isa = PBXFileReference; lastKnownFileType = folder.assetcatalog; path = Images.xcassets; sourceTree = "<group>"; };
		BA47037C18F1217F00B87BEE /* Sam TurnerTests.xctest */ = {isa = PBXFileReference; explicitFileType = wrapper.cfbundle; includeInIndex = 0; path = "Sam TurnerTests.xctest"; sourceTree = BUILT_PRODUCTS_DIR; };
		BA47037D18F1217F00B87BEE /* XCTest.framework */ = {isa = PBXFileReference; lastKnownFileType = wrapper.framework; name = XCTest.framework; path = Library/Frameworks/XCTest.framework; sourceTree = DEVELOPER_DIR; };
		BA47038518F1217F00B87BEE /* Sam TurnerTests-Info.plist */ = {isa = PBXFileReference; lastKnownFileType = text.plist.xml; path = "Sam TurnerTests-Info.plist"; sourceTree = "<group>"; };
		BA47038718F1217F00B87BEE /* en */ = {isa = PBXFileReference; lastKnownFileType = text.plist.strings; name = en; path = en.lproj/InfoPlist.strings; sourceTree = "<group>"; };
		BA47038918F1217F00B87BEE /* Sam_TurnerTests.m */ = {isa = PBXFileReference; lastKnownFileType = sourcecode.c.objc; path = Sam_TurnerTests.m; sourceTree = "<group>"; };
		BA47039318F121A100B87BEE /* SecondViewController.h */ = {isa = PBXFileReference; fileEncoding = 4; lastKnownFileType = sourcecode.c.h; path = SecondViewController.h; sourceTree = "<group>"; };
		BA47039418F121A100B87BEE /* SecondViewController.m */ = {isa = PBXFileReference; fileEncoding = 4; lastKnownFileType = sourcecode.c.objc; path = SecondViewController.m; sourceTree = "<group>"; };
		BA47039518F121A100B87BEE /* SecondViewController.xib */ = {isa = PBXFileReference; fileEncoding = 4; lastKnownFileType = file.xib; path = SecondViewController.xib; sourceTree = "<group>"; };
		BA47039918F121B300B87BEE /* FirstViewController.h */ = {isa = PBXFileReference; fileEncoding = 4; lastKnownFileType = sourcecode.c.h; path = FirstViewController.h; sourceTree = "<group>"; };
		BA47039A18F121B300B87BEE /* FirstViewController.m */ = {isa = PBXFileReference; fileEncoding = 4; lastKnownFileType = sourcecode.c.objc; path = FirstViewController.m; sourceTree = "<group>"; };
		BA47039F18F121C500B87BEE /* particleScene.h */ = {isa = PBXFileReference; fileEncoding = 4; lastKnownFileType = sourcecode.c.h; path = particleScene.h; sourceTree = "<group>"; };
		BA4703A018F121C500B87BEE /* particleScene.m */ = {isa = PBXFileReference; fileEncoding = 4; lastKnownFileType = sourcecode.c.objc; path = particleScene.m; sourceTree = "<group>"; };
		BA4703A318F121D700B87BEE /* BaseViewController.h */ = {isa = PBXFileReference; fileEncoding = 4; lastKnownFileType = sourcecode.c.h; path = BaseViewController.h; sourceTree = "<group>"; };
		BA4703A918F122E400B87BEE /* spark.png */ = {isa = PBXFileReference; lastKnownFileType = image.png; path = spark.png; sourceTree = "<group>"; };
		BA4703AE18F129B500B87BEE /* MapKit.framework */ = {isa = PBXFileReference; lastKnownFileType = wrapper.framework; name = MapKit.framework; path = System/Library/Frameworks/MapKit.framework; sourceTree = SDKROOT; };
		BA4703B018F129BB00B87BEE /* SpriteKit.framework */ = {isa = PBXFileReference; lastKnownFileType = wrapper.framework; name = SpriteKit.framework; path = System/Library/Frameworks/SpriteKit.framework; sourceTree = SDKROOT; };
		BA4703B618F13EB900B87BEE /* FontAwesome.ttf */ = {isa = PBXFileReference; lastKnownFileType = file; path = FontAwesome.ttf; sourceTree = "<group>"; };
		BA4703B818F13EC900B87BEE /* NSString+FontAwesome.h */ = {isa = PBXFileReference; fileEncoding = 4; lastKnownFileType = sourcecode.c.h; path = "NSString+FontAwesome.h"; sourceTree = "<group>"; };
		BA4703B918F13EC900B87BEE /* NSString+FontAwesome.m */ = {isa = PBXFileReference; fileEncoding = 4; lastKnownFileType = sourcecode.c.objc; path = "NSString+FontAwesome.m"; sourceTree = "<group>"; };
		BA4BE2D018F6D6E00007B3EE /* SKBounceAnimation.h */ = {isa = PBXFileReference; fileEncoding = 4; lastKnownFileType = sourcecode.c.h; path = SKBounceAnimation.h; sourceTree = "<group>"; };
		BA4BE2D118F6D6E00007B3EE /* SKBounceAnimation.m */ = {isa = PBXFileReference; fileEncoding = 4; lastKnownFileType = sourcecode.c.objc; path = SKBounceAnimation.m; sourceTree = "<group>"; };
		BA76609E18F24C0E008BD6D7 /* projects_content.md */ = {isa = PBXFileReference; fileEncoding = 4; lastKnownFileType = text; path = projects_content.md; sourceTree = "<group>"; };
		BA86F15418F26CB800809D93 /* ThirdViewTableViewCell.h */ = {isa = PBXFileReference; fileEncoding = 4; lastKnownFileType = sourcecode.c.h; path = ThirdViewTableViewCell.h; sourceTree = "<group>"; };
		BA86F15518F26CB800809D93 /* ThirdViewTableViewCell.m */ = {isa = PBXFileReference; fileEncoding = 4; lastKnownFileType = sourcecode.c.objc; path = ThirdViewTableViewCell.m; sourceTree = "<group>"; };
		BA86F15818F289B700809D93 /* muro_icon.png */ = {isa = PBXFileReference; lastKnownFileType = image.png; path = muro_icon.png; sourceTree = "<group>"; };
		BA86F15A18F2955400809D93 /* Project.h */ = {isa = PBXFileReference; fileEncoding = 4; lastKnownFileType = sourcecode.c.h; path = Project.h; sourceTree = "<group>"; };
		BA86F15B18F2955400809D93 /* Project.m */ = {isa = PBXFileReference; fileEncoding = 4; lastKnownFileType = sourcecode.c.objc; path = Project.m; sourceTree = "<group>"; };
		BA86F15E18F29D9000809D93 /* dollarlog_icon.png */ = {isa = PBXFileReference; lastKnownFileType = image.png; path = dollarlog_icon.png; sourceTree = "<group>"; };
		BA98BD2518F1541300052EC8 /* sam_hello.png */ = {isa = PBXFileReference; lastKnownFileType = image.png; path = sam_hello.png; sourceTree = "<group>"; };
		BA98BD2718F1596300052EC8 /* BaseViewController.m */ = {isa = PBXFileReference; fileEncoding = 4; lastKnownFileType = sourcecode.c.objc; path = BaseViewController.m; sourceTree = "<group>"; };
		BA98BD3618F1653200052EC8 /* ThirdViewController.h */ = {isa = PBXFileReference; fileEncoding = 4; lastKnownFileType = sourcecode.c.h; name = ThirdViewController.h; path = ../ThirdViewController.h; sourceTree = "<group>"; };
		BA98BD3718F1653200052EC8 /* ThirdViewController.m */ = {isa = PBXFileReference; fileEncoding = 4; lastKnownFileType = sourcecode.c.objc; name = ThirdViewController.m; path = ../ThirdViewController.m; sourceTree = "<group>"; };
		BA98BD3818F1653200052EC8 /* ThirdViewController.xib */ = {isa = PBXFileReference; fileEncoding = 4; lastKnownFileType = file.xib; name = ThirdViewController.xib; path = ../ThirdViewController.xib; sourceTree = "<group>"; };
		BA98BD3C18F165D300052EC8 /* ThirdViewCell.xib */ = {isa = PBXFileReference; fileEncoding = 4; lastKnownFileType = file.xib; path = ThirdViewCell.xib; sourceTree = "<group>"; };
		BA98BD4218F17FF000052EC8 /* CellDetailViewController.h */ = {isa = PBXFileReference; fileEncoding = 4; lastKnownFileType = sourcecode.c.h; path = CellDetailViewController.h; sourceTree = "<group>"; };
		BA98BD4318F17FF000052EC8 /* CellDetailViewController.m */ = {isa = PBXFileReference; fileEncoding = 4; lastKnownFileType = sourcecode.c.objc; path = CellDetailViewController.m; sourceTree = "<group>"; };
		BA98BD4418F17FF000052EC8 /* CellDetailViewController.xib */ = {isa = PBXFileReference; fileEncoding = 4; lastKnownFileType = file.xib; path = CellDetailViewController.xib; sourceTree = "<group>"; };
		BABC928E18F3D25B0037B02F /* QuartzCore.framework */ = {isa = PBXFileReference; lastKnownFileType = wrapper.framework; name = QuartzCore.framework; path = System/Library/Frameworks/QuartzCore.framework; sourceTree = SDKROOT; };
		BAD79A1E18F40796001EE6DC /* jobgps_icon.png */ = {isa = PBXFileReference; lastKnownFileType = image.png; path = jobgps_icon.png; sourceTree = "<group>"; };
		BAD79A2018F4161B001EE6DC /* pixol_icon.png */ = {isa = PBXFileReference; lastKnownFileType = image.png; path = pixol_icon.png; sourceTree = "<group>"; };
		BAD79A2218F41673001EE6DC /* work_icon.png */ = {isa = PBXFileReference; lastKnownFileType = image.png; path = work_icon.png; sourceTree = "<group>"; };
		BAD79A2418F41EB0001EE6DC /* page_drop_shadow.png */ = {isa = PBXFileReference; lastKnownFileType = image.png; path = page_drop_shadow.png; sourceTree = "<group>"; };
		BADDBF3618F2CB1F003B8D88 /* FourthViewController.h */ = {isa = PBXFileReference; fileEncoding = 4; lastKnownFileType = sourcecode.c.h; path = FourthViewController.h; sourceTree = "<group>"; };
		BADDBF3718F2CB1F003B8D88 /* FourthViewController.m */ = {isa = PBXFileReference; fileEncoding = 4; lastKnownFileType = sourcecode.c.objc; path = FourthViewController.m; sourceTree = "<group>"; };
		BADDBF3818F2CB1F003B8D88 /* FourthViewController.xib */ = {isa = PBXFileReference; fileEncoding = 4; lastKnownFileType = file.xib; path = FourthViewController.xib; sourceTree = "<group>"; };
		BADDBF3F18F2CBD0003B8D88 /* FifthViewController.h */ = {isa = PBXFileReference; fileEncoding = 4; lastKnownFileType = sourcecode.c.h; path = FifthViewController.h; sourceTree = "<group>"; };
		BADDBF4018F2CBD0003B8D88 /* FifthViewController.m */ = {isa = PBXFileReference; fileEncoding = 4; lastKnownFileType = sourcecode.c.objc; path = FifthViewController.m; sourceTree = "<group>"; };
		BADDBF4118F2CBD0003B8D88 /* FifthViewController.xib */ = {isa = PBXFileReference; fileEncoding = 4; lastKnownFileType = file.xib; path = FifthViewController.xib; sourceTree = "<group>"; };
/* End PBXFileReference section */

/* Begin PBXFrameworksBuildPhase section */
		BA47035818F1217F00B87BEE /* Frameworks */ = {
			isa = PBXFrameworksBuildPhase;
			buildActionMask = 2147483647;
			files = (
				BA0A0ED418F926DD00E45846 /* CoreData.framework in Frameworks */,
				BABC928F18F3D25B0037B02F /* QuartzCore.framework in Frameworks */,
				BA4703B118F129BB00B87BEE /* SpriteKit.framework in Frameworks */,
				BA4703AF18F129B500B87BEE /* MapKit.framework in Frameworks */,
				BA47036118F1217F00B87BEE /* CoreGraphics.framework in Frameworks */,
				BA47036318F1217F00B87BEE /* UIKit.framework in Frameworks */,
				BA47035F18F1217F00B87BEE /* Foundation.framework in Frameworks */,
			);
			runOnlyForDeploymentPostprocessing = 0;
		};
		BA47037918F1217F00B87BEE /* Frameworks */ = {
			isa = PBXFrameworksBuildPhase;
			buildActionMask = 2147483647;
			files = (
				BA47037E18F1217F00B87BEE /* XCTest.framework in Frameworks */,
				BA47038018F1217F00B87BEE /* UIKit.framework in Frameworks */,
				BA47037F18F1217F00B87BEE /* Foundation.framework in Frameworks */,
			);
			runOnlyForDeploymentPostprocessing = 0;
		};
/* End PBXFrameworksBuildPhase section */

/* Begin PBXGroup section */
		BA0A0EC818F7C5FE00E45846 /* SKBounceAnimation */ = {
			isa = PBXGroup;
			children = (
				BA4BE2D018F6D6E00007B3EE /* SKBounceAnimation.h */,
				BA4BE2D118F6D6E00007B3EE /* SKBounceAnimation.m */,
			);
			name = SKBounceAnimation;
			sourceTree = "<group>";
		};
		BA0A0EC918F7C60700E45846 /* Controls */ = {
			isa = PBXGroup;
			children = (
				BA0A0ECD18F7C63000E45846 /* DACircularProgressView */,
				BA4703BB18F13ECF00B87BEE /* Font Awesome */,
				BA0A0EC818F7C5FE00E45846 /* SKBounceAnimation */,
			);
			name = Controls;
			sourceTree = "<group>";
		};
		BA0A0ECD18F7C63000E45846 /* DACircularProgressView */ = {
			isa = PBXGroup;
			children = (
				BA0A0ECA18F7C62C00E45846 /* DACircularProgressView.h */,
				BA0A0ECB18F7C62C00E45846 /* DACircularProgressView.m */,
			);
			name = DACircularProgressView;
			sourceTree = "<group>";
		};
		BA0A0ED218F8CDA600E45846 /* Classes */ = {
			isa = PBXGroup;
			children = (
				BA4703A218F121C800B87BEE /* Particles */,
				BA86F15D18F298EB00809D93 /* Project */,
			);
			name = Classes;
			sourceTree = "<group>";
		};
		BA140E9E18F563040041340F /* SixthViewController */ = {
			isa = PBXGroup;
			children = (
				BA140E9918F563010041340F /* SixthViewController.h */,
				BA140E9A18F563010041340F /* SixthViewController.m */,
				BA0A0ECE18F7DE7500E45846 /* SixthViewController.xib */,
			);
			name = SixthViewController;
			path = ..;
			sourceTree = "<group>";
		};
		BA47035218F1217F00B87BEE = {
			isa = PBXGroup;
			children = (
				BA47036418F1217F00B87BEE /* Sam Turner */,
				BA47038318F1217F00B87BEE /* Sam TurnerTests */,
				BA47035D18F1217F00B87BEE /* Frameworks */,
				BA47035C18F1217F00B87BEE /* Products */,
			);
			sourceTree = "<group>";
		};
		BA47035C18F1217F00B87BEE /* Products */ = {
			isa = PBXGroup;
			children = (
				BA47035B18F1217F00B87BEE /* Sam Turner.app */,
				BA47037C18F1217F00B87BEE /* Sam TurnerTests.xctest */,
			);
			name = Products;
			sourceTree = "<group>";
		};
		BA47035D18F1217F00B87BEE /* Frameworks */ = {
			isa = PBXGroup;
			children = (
				BA0A0ED318F926DC00E45846 /* CoreData.framework */,
				BABC928E18F3D25B0037B02F /* QuartzCore.framework */,
				BA4703B018F129BB00B87BEE /* SpriteKit.framework */,
				BA4703AE18F129B500B87BEE /* MapKit.framework */,
				BA47035E18F1217F00B87BEE /* Foundation.framework */,
				BA47036018F1217F00B87BEE /* CoreGraphics.framework */,
				BA47036218F1217F00B87BEE /* UIKit.framework */,
				BA47037D18F1217F00B87BEE /* XCTest.framework */,
			);
			name = Frameworks;
			sourceTree = "<group>";
		};
		BA47036418F1217F00B87BEE /* Sam Turner */ = {
			isa = PBXGroup;
			children = (
				BA0A0ED218F8CDA600E45846 /* Classes */,
				BA0A0EC918F7C60700E45846 /* Controls */,
				BA4703AD18F123D200B87BEE /* View Controllers */,
				BA47036D18F1217F00B87BEE /* AppDelegate.h */,
				BA47036E18F1217F00B87BEE /* AppDelegate.m */,
				BA47037018F1217F00B87BEE /* Main.storyboard */,
				BA47037318F1217F00B87BEE /* ViewController.h */,
				BA47037418F1217F00B87BEE /* ViewController.m */,
				BA47037618F1217F00B87BEE /* Images.xcassets */,
				BA47036518F1217F00B87BEE /* Supporting Files */,
			);
			path = "Sam Turner";
			sourceTree = "<group>";
		};
		BA47036518F1217F00B87BEE /* Supporting Files */ = {
			isa = PBXGroup;
			children = (
				BA0A0EDC18F9597700E45846 /* README.md */,
				BA0A0ED018F8CA7200E45846 /* loading.png */,
				BA0A0EC618F7C49E00E45846 /* whats_next_circle.png */,
				BAD79A2418F41EB0001EE6DC /* page_drop_shadow.png */,
				BA76609D18F24BFE008BD6D7 /* Content */,
				BA4703B618F13EB900B87BEE /* FontAwesome.ttf */,
				BA86F15818F289B700809D93 /* muro_icon.png */,
				BAD79A2018F4161B001EE6DC /* pixol_icon.png */,
				BA140E9418F55D2F0041340F /* university_icon.png */,
				BAD79A2218F41673001EE6DC /* work_icon.png */,
				BAD79A1E18F40796001EE6DC /* jobgps_icon.png */,
				BA86F15E18F29D9000809D93 /* dollarlog_icon.png */,
				BA47036618F1217F00B87BEE /* Sam Turner-Info.plist */,
				BA98BD2518F1541300052EC8 /* sam_hello.png */,
				BA47036718F1217F00B87BEE /* InfoPlist.strings */,
				BA47036A18F1217F00B87BEE /* main.m */,
				BA47036C18F1217F00B87BEE /* Sam Turner-Prefix.pch */,
			);
			name = "Supporting Files";
			sourceTree = "<group>";
		};
		BA47038318F1217F00B87BEE /* Sam TurnerTests */ = {
			isa = PBXGroup;
			children = (
				BA47038918F1217F00B87BEE /* Sam_TurnerTests.m */,
				BA47038418F1217F00B87BEE /* Supporting Files */,
			);
			path = "Sam TurnerTests";
			sourceTree = "<group>";
		};
		BA47038418F1217F00B87BEE /* Supporting Files */ = {
			isa = PBXGroup;
			children = (
				BA47038518F1217F00B87BEE /* Sam TurnerTests-Info.plist */,
				BA47038618F1217F00B87BEE /* InfoPlist.strings */,
			);
			name = "Supporting Files";
			sourceTree = "<group>";
		};
		BA47039818F121A500B87BEE /* SecondViewController */ = {
			isa = PBXGroup;
			children = (
				BA47039318F121A100B87BEE /* SecondViewController.h */,
				BA47039418F121A100B87BEE /* SecondViewController.m */,
				BA47039518F121A100B87BEE /* SecondViewController.xib */,
			);
			name = SecondViewController;
			sourceTree = "<group>";
		};
		BA47039E18F121B900B87BEE /* FirstViewController */ = {
			isa = PBXGroup;
			children = (
				BA47039918F121B300B87BEE /* FirstViewController.h */,
				BA47039A18F121B300B87BEE /* FirstViewController.m */,
				BA0A0EE318FA059100E45846 /* FirstViewController.xib */,
			);
			name = FirstViewController;
			sourceTree = "<group>";
		};
		BA4703A218F121C800B87BEE /* Particles */ = {
			isa = PBXGroup;
			children = (
				BA4703A918F122E400B87BEE /* spark.png */,
				BA47039F18F121C500B87BEE /* particleScene.h */,
				BA4703A018F121C500B87BEE /* particleScene.m */,
			);
			name = Particles;
			sourceTree = "<group>";
		};
		BA4703A818F121DB00B87BEE /* BaseViewController */ = {
			isa = PBXGroup;
			children = (
				BA4703A318F121D700B87BEE /* BaseViewController.h */,
				BA98BD2718F1596300052EC8 /* BaseViewController.m */,
			);
			name = BaseViewController;
			sourceTree = "<group>";
		};
		BA4703AD18F123D200B87BEE /* View Controllers */ = {
			isa = PBXGroup;
			children = (
				BA140E9E18F563040041340F /* SixthViewController */,
				BADDBF4418F2CBD4003B8D88 /* FifthViewController */,
				BADDBF3B18F2CB23003B8D88 /* FourthViewController */,
				BA98BD3B18F165BE00052EC8 /* ThirdViewController */,
				BA47039818F121A500B87BEE /* SecondViewController */,
				BA47039E18F121B900B87BEE /* FirstViewController */,
				BA4703A818F121DB00B87BEE /* BaseViewController */,
			);
			name = "View Controllers";
			sourceTree = "<group>";
		};
		BA4703BB18F13ECF00B87BEE /* Font Awesome */ = {
			isa = PBXGroup;
			children = (
				BA4703B818F13EC900B87BEE /* NSString+FontAwesome.h */,
				BA4703B918F13EC900B87BEE /* NSString+FontAwesome.m */,
			);
			name = "Font Awesome";
			sourceTree = "<group>";
		};
		BA76609D18F24BFE008BD6D7 /* Content */ = {
			isa = PBXGroup;
			children = (
				BA76609E18F24C0E008BD6D7 /* projects_content.md */,
			);
			name = Content;
			sourceTree = "<group>";
		};
		BA86F15718F26D0400809D93 /* ThirdViewTableCell */ = {
			isa = PBXGroup;
			children = (
				BA98BD3C18F165D300052EC8 /* ThirdViewCell.xib */,
				BA86F15418F26CB800809D93 /* ThirdViewTableViewCell.h */,
				BA86F15518F26CB800809D93 /* ThirdViewTableViewCell.m */,
			);
			name = ThirdViewTableCell;
			sourceTree = "<group>";
		};
		BA86F15D18F298EB00809D93 /* Project */ = {
			isa = PBXGroup;
			children = (
				BA86F15A18F2955400809D93 /* Project.h */,
				BA86F15B18F2955400809D93 /* Project.m */,
			);
			name = Project;
			sourceTree = "<group>";
		};
		BA98BD3B18F165BE00052EC8 /* ThirdViewController */ = {
			isa = PBXGroup;
			children = (
				BA98BD3618F1653200052EC8 /* ThirdViewController.h */,
				BA98BD3718F1653200052EC8 /* ThirdViewController.m */,
				BA98BD3818F1653200052EC8 /* ThirdViewController.xib */,
				BA86F15718F26D0400809D93 /* ThirdViewTableCell */,
				BA98BD4718F17FF400052EC8 /* Cell Detail */,
			);
			name = ThirdViewController;
			sourceTree = "<group>";
		};
		BA98BD4718F17FF400052EC8 /* Cell Detail */ = {
			isa = PBXGroup;
			children = (
				BA98BD4218F17FF000052EC8 /* CellDetailViewController.h */,
				BA98BD4318F17FF000052EC8 /* CellDetailViewController.m */,
				BA98BD4418F17FF000052EC8 /* CellDetailViewController.xib */,
			);
			name = "Cell Detail";
			sourceTree = "<group>";
		};
		BADDBF3B18F2CB23003B8D88 /* FourthViewController */ = {
			isa = PBXGroup;
			children = (
				BADDBF3618F2CB1F003B8D88 /* FourthViewController.h */,
				BADDBF3718F2CB1F003B8D88 /* FourthViewController.m */,
				BADDBF3818F2CB1F003B8D88 /* FourthViewController.xib */,
			);
			name = FourthViewController;
			path = ..;
			sourceTree = "<group>";
		};
		BADDBF4418F2CBD4003B8D88 /* FifthViewController */ = {
			isa = PBXGroup;
			children = (
				BADDBF3F18F2CBD0003B8D88 /* FifthViewController.h */,
				BADDBF4018F2CBD0003B8D88 /* FifthViewController.m */,
				BADDBF4118F2CBD0003B8D88 /* FifthViewController.xib */,
			);
			name = FifthViewController;
			path = ..;
			sourceTree = "<group>";
		};
/* End PBXGroup section */

/* Begin PBXNativeTarget section */
		BA47035A18F1217F00B87BEE /* Sam Turner */ = {
			isa = PBXNativeTarget;
			buildConfigurationList = BA47038D18F1217F00B87BEE /* Build configuration list for PBXNativeTarget "Sam Turner" */;
			buildPhases = (
				BA47035718F1217F00B87BEE /* Sources */,
				BA47035818F1217F00B87BEE /* Frameworks */,
				BA47035918F1217F00B87BEE /* Resources */,
			);
			buildRules = (
			);
			dependencies = (
			);
			name = "Sam Turner";
			productName = "Sam Turner";
			productReference = BA47035B18F1217F00B87BEE /* Sam Turner.app */;
			productType = "com.apple.product-type.application";
		};
		BA47037B18F1217F00B87BEE /* Sam TurnerTests */ = {
			isa = PBXNativeTarget;
			buildConfigurationList = BA47039018F1217F00B87BEE /* Build configuration list for PBXNativeTarget "Sam TurnerTests" */;
			buildPhases = (
				BA47037818F1217F00B87BEE /* Sources */,
				BA47037918F1217F00B87BEE /* Frameworks */,
				BA47037A18F1217F00B87BEE /* Resources */,
			);
			buildRules = (
			);
			dependencies = (
				BA47038218F1217F00B87BEE /* PBXTargetDependency */,
			);
			name = "Sam TurnerTests";
			productName = "Sam TurnerTests";
			productReference = BA47037C18F1217F00B87BEE /* Sam TurnerTests.xctest */;
			productType = "com.apple.product-type.bundle.unit-test";
		};
/* End PBXNativeTarget section */

/* Begin PBXProject section */
		BA47035318F1217F00B87BEE /* Project object */ = {
			isa = PBXProject;
			attributes = {
				LastUpgradeCheck = 0510;
				ORGANIZATIONNAME = "Sam Turner";
				TargetAttributes = {
					BA47037B18F1217F00B87BEE = {
						TestTargetID = BA47035A18F1217F00B87BEE;
					};
				};
			};
			buildConfigurationList = BA47035618F1217F00B87BEE /* Build configuration list for PBXProject "Sam Turner" */;
			compatibilityVersion = "Xcode 3.2";
			developmentRegion = English;
			hasScannedForEncodings = 0;
			knownRegions = (
				en,
				Base,
			);
			mainGroup = BA47035218F1217F00B87BEE;
			productRefGroup = BA47035C18F1217F00B87BEE /* Products */;
			projectDirPath = "";
			projectRoot = "";
			targets = (
				BA47035A18F1217F00B87BEE /* Sam Turner */,
				BA47037B18F1217F00B87BEE /* Sam TurnerTests */,
			);
		};
/* End PBXProject section */

/* Begin PBXResourcesBuildPhase section */
		BA47035918F1217F00B87BEE /* Resources */ = {
			isa = PBXResourcesBuildPhase;
			buildActionMask = 2147483647;
			files = (
				BA140E9518F55D2F0041340F /* university_icon.png in Resources */,
				BA0A0EE418FA059100E45846 /* FirstViewController.xib in Resources */,
				BA47039718F121A100B87BEE /* SecondViewController.xib in Resources */,
				BA47037718F1217F00B87BEE /* Images.xcassets in Resources */,
				BA86F15F18F29D9000809D93 /* dollarlog_icon.png in Resources */,
				BA0A0ED118F8CA7200E45846 /* loading.png in Resources */,
				BA4703AA18F122E400B87BEE /* spark.png in Resources */,
				BA86F15918F289B700809D93 /* muro_icon.png in Resources */,
				BA4703B718F13EB900B87BEE /* FontAwesome.ttf in Resources */,
				BADDBF3A18F2CB1F003B8D88 /* FourthViewController.xib in Resources */,
				BADDBF4318F2CBD0003B8D88 /* FifthViewController.xib in Resources */,
				BA98BD2618F1541300052EC8 /* sam_hello.png in Resources */,
				BA0A0EDD18F9597700E45846 /* README.md in Resources */,
				BA98BD3D18F165D300052EC8 /* ThirdViewCell.xib in Resources */,
				BA47036918F1217F00B87BEE /* InfoPlist.strings in Resources */,
				BA76609F18F24C0E008BD6D7 /* projects_content.md in Resources */,
				BA47037218F1217F00B87BEE /* Main.storyboard in Resources */,
				BAD79A2118F4161B001EE6DC /* pixol_icon.png in Resources */,
				BA98BD3A18F1653200052EC8 /* ThirdViewController.xib in Resources */,
				BA0A0ECF18F7DE7500E45846 /* SixthViewController.xib in Resources */,
				BAD79A1F18F40796001EE6DC /* jobgps_icon.png in Resources */,
				BA0A0EC718F7C49E00E45846 /* whats_next_circle.png in Resources */,
				BAD79A2518F41EB0001EE6DC /* page_drop_shadow.png in Resources */,
				BA98BD4618F17FF000052EC8 /* CellDetailViewController.xib in Resources */,
				BAD79A2318F41673001EE6DC /* work_icon.png in Resources */,
			);
			runOnlyForDeploymentPostprocessing = 0;
		};
		BA47037A18F1217F00B87BEE /* Resources */ = {
			isa = PBXResourcesBuildPhase;
			buildActionMask = 2147483647;
			files = (
				BA47038818F1217F00B87BEE /* InfoPlist.strings in Resources */,
			);
			runOnlyForDeploymentPostprocessing = 0;
		};
/* End PBXResourcesBuildPhase section */

/* Begin PBXSourcesBuildPhase section */
		BA47035718F1217F00B87BEE /* Sources */ = {
			isa = PBXSourcesBuildPhase;
			buildActionMask = 2147483647;
			files = (
				BA86F15618F26CB800809D93 /* ThirdViewTableViewCell.m in Sources */,
				BA47039618F121A100B87BEE /* SecondViewController.m in Sources */,
				BA98BD2818F1596300052EC8 /* BaseViewController.m in Sources */,
				BADDBF3918F2CB1F003B8D88 /* FourthViewController.m in Sources */,
				BA86F15C18F2955400809D93 /* Project.m in Sources */,
				BA47037518F1217F00B87BEE /* ViewController.m in Sources */,
				BA47039C18F121B300B87BEE /* FirstViewController.m in Sources */,
				BA47036F18F1217F00B87BEE /* AppDelegate.m in Sources */,
				BA4BE2D218F6D6E00007B3EE /* SKBounceAnimation.m in Sources */,
				BA98BD4518F17FF000052EC8 /* CellDetailViewController.m in Sources */,
				BA98BD3918F1653200052EC8 /* ThirdViewController.m in Sources */,
				BA4703BA18F13EC900B87BEE /* NSString+FontAwesome.m in Sources */,
				BA4703A118F121C500B87BEE /* particleScene.m in Sources */,
				BA0A0ECC18F7C62C00E45846 /* DACircularProgressView.m in Sources */,
				BADDBF4218F2CBD0003B8D88 /* FifthViewController.m in Sources */,
				BA47036B18F1217F00B87BEE /* main.m in Sources */,
				BA140E9C18F563010041340F /* SixthViewController.m in Sources */,
			);
			runOnlyForDeploymentPostprocessing = 0;
		};
		BA47037818F1217F00B87BEE /* Sources */ = {
			isa = PBXSourcesBuildPhase;
			buildActionMask = 2147483647;
			files = (
				BA47038A18F1217F00B87BEE /* Sam_TurnerTests.m in Sources */,
			);
			runOnlyForDeploymentPostprocessing = 0;
		};
/* End PBXSourcesBuildPhase section */

/* Begin PBXTargetDependency section */
		BA47038218F1217F00B87BEE /* PBXTargetDependency */ = {
			isa = PBXTargetDependency;
			target = BA47035A18F1217F00B87BEE /* Sam Turner */;
			targetProxy = BA47038118F1217F00B87BEE /* PBXContainerItemProxy */;
		};
/* End PBXTargetDependency section */

/* Begin PBXVariantGroup section */
		BA47036718F1217F00B87BEE /* InfoPlist.strings */ = {
			isa = PBXVariantGroup;
			children = (
				BA47036818F1217F00B87BEE /* en */,
			);
			name = InfoPlist.strings;
			sourceTree = "<group>";
		};
		BA47037018F1217F00B87BEE /* Main.storyboard */ = {
			isa = PBXVariantGroup;
			children = (
				BA47037118F1217F00B87BEE /* Base */,
			);
			name = Main.storyboard;
			sourceTree = "<group>";
		};
		BA47038618F1217F00B87BEE /* InfoPlist.strings */ = {
			isa = PBXVariantGroup;
			children = (
				BA47038718F1217F00B87BEE /* en */,
			);
			name = InfoPlist.strings;
			sourceTree = "<group>";
		};
/* End PBXVariantGroup section */

/* Begin XCBuildConfiguration section */
		BA47038B18F1217F00B87BEE /* Debug */ = {
			isa = XCBuildConfiguration;
			buildSettings = {
				ALWAYS_SEARCH_USER_PATHS = NO;
				CLANG_CXX_LANGUAGE_STANDARD = "gnu++0x";
				CLANG_CXX_LIBRARY = "libc++";
				CLANG_ENABLE_MODULES = YES;
				CLANG_ENABLE_OBJC_ARC = YES;
				CLANG_WARN_BOOL_CONVERSION = YES;
				CLANG_WARN_CONSTANT_CONVERSION = YES;
				CLANG_WARN_DIRECT_OBJC_ISA_USAGE = YES_ERROR;
				CLANG_WARN_EMPTY_BODY = YES;
				CLANG_WARN_ENUM_CONVERSION = YES;
				CLANG_WARN_INT_CONVERSION = YES;
				CLANG_WARN_OBJC_ROOT_CLASS = YES_ERROR;
				CLANG_WARN__DUPLICATE_METHOD_MATCH = YES;
				"CODE_SIGN_IDENTITY[sdk=iphoneos*]" = "iPhone Developer";
				COPY_PHASE_STRIP = NO;
				GCC_C_LANGUAGE_STANDARD = gnu99;
				GCC_DYNAMIC_NO_PIC = NO;
				GCC_OPTIMIZATION_LEVEL = 0;
				GCC_PREPROCESSOR_DEFINITIONS = (
					"DEBUG=1",
					"$(inherited)",
				);
				GCC_SYMBOLS_PRIVATE_EXTERN = NO;
				GCC_WARN_64_TO_32_BIT_CONVERSION = YES;
				GCC_WARN_ABOUT_RETURN_TYPE = YES_ERROR;
				GCC_WARN_UNDECLARED_SELECTOR = YES;
				GCC_WARN_UNINITIALIZED_AUTOS = YES_AGGRESSIVE;
				GCC_WARN_UNUSED_FUNCTION = YES;
				GCC_WARN_UNUSED_VARIABLE = YES;
				IPHONEOS_DEPLOYMENT_TARGET = 7.1;
				ONLY_ACTIVE_ARCH = YES;
				SDKROOT = iphoneos;
			};
			name = Debug;
		};
		BA47038C18F1217F00B87BEE /* Release */ = {
			isa = XCBuildConfiguration;
			buildSettings = {
				ALWAYS_SEARCH_USER_PATHS = NO;
				CLANG_CXX_LANGUAGE_STANDARD = "gnu++0x";
				CLANG_CXX_LIBRARY = "libc++";
				CLANG_ENABLE_MODULES = YES;
				CLANG_ENABLE_OBJC_ARC = YES;
				CLANG_WARN_BOOL_CONVERSION = YES;
				CLANG_WARN_CONSTANT_CONVERSION = YES;
				CLANG_WARN_DIRECT_OBJC_ISA_USAGE = YES_ERROR;
				CLANG_WARN_EMPTY_BODY = YES;
				CLANG_WARN_ENUM_CONVERSION = YES;
				CLANG_WARN_INT_CONVERSION = YES;
				CLANG_WARN_OBJC_ROOT_CLASS = YES_ERROR;
				CLANG_WARN__DUPLICATE_METHOD_MATCH = YES;
				"CODE_SIGN_IDENTITY[sdk=iphoneos*]" = "iPhone Developer";
				COPY_PHASE_STRIP = YES;
				ENABLE_NS_ASSERTIONS = NO;
				GCC_C_LANGUAGE_STANDARD = gnu99;
				GCC_WARN_64_TO_32_BIT_CONVERSION = YES;
				GCC_WARN_ABOUT_RETURN_TYPE = YES_ERROR;
				GCC_WARN_UNDECLARED_SELECTOR = YES;
				GCC_WARN_UNINITIALIZED_AUTOS = YES_AGGRESSIVE;
				GCC_WARN_UNUSED_FUNCTION = YES;
				GCC_WARN_UNUSED_VARIABLE = YES;
				IPHONEOS_DEPLOYMENT_TARGET = 7.1;
				SDKROOT = iphoneos;
				VALIDATE_PRODUCT = YES;
			};
			name = Release;
		};
		BA47038E18F1217F00B87BEE /* Debug */ = {
			isa = XCBuildConfiguration;
			buildSettings = {
				ASSETCATALOG_COMPILER_APPICON_NAME = AppIcon;
				ASSETCATALOG_COMPILER_LAUNCHIMAGE_NAME = LaunchImage;
				GCC_PRECOMPILE_PREFIX_HEADER = YES;
				GCC_PREFIX_HEADER = "Sam Turner/Sam Turner-Prefix.pch";
				INFOPLIST_FILE = "Sam Turner/Sam Turner-Info.plist";
				PRODUCT_NAME = "$(TARGET_NAME)";
				WRAPPER_EXTENSION = app;
			};
			name = Debug;
		};
		BA47038F18F1217F00B87BEE /* Release */ = {
			isa = XCBuildConfiguration;
			buildSettings = {
				ASSETCATALOG_COMPILER_APPICON_NAME = AppIcon;
				ASSETCATALOG_COMPILER_LAUNCHIMAGE_NAME = LaunchImage;
				GCC_PRECOMPILE_PREFIX_HEADER = YES;
				GCC_PREFIX_HEADER = "Sam Turner/Sam Turner-Prefix.pch";
				INFOPLIST_FILE = "Sam Turner/Sam Turner-Info.plist";
				PRODUCT_NAME = "$(TARGET_NAME)";
				WRAPPER_EXTENSION = app;
			};
			name = Release;
		};
		BA47039118F1217F00B87BEE /* Debug */ = {
			isa = XCBuildConfiguration;
			buildSettings = {
				BUNDLE_LOADER = "$(BUILT_PRODUCTS_DIR)/Sam Turner.app/Sam Turner";
				FRAMEWORK_SEARCH_PATHS = (
					"$(SDKROOT)/Developer/Library/Frameworks",
					"$(inherited)",
					"$(DEVELOPER_FRAMEWORKS_DIR)",
				);
				GCC_PRECOMPILE_PREFIX_HEADER = YES;
				GCC_PREFIX_HEADER = "Sam Turner/Sam Turner-Prefix.pch";
				GCC_PREPROCESSOR_DEFINITIONS = (
					"DEBUG=1",
					"$(inherited)",
				);
				INFOPLIST_FILE = "Sam TurnerTests/Sam TurnerTests-Info.plist";
				PRODUCT_NAME = "$(TARGET_NAME)";
				TEST_HOST = "$(BUNDLE_LOADER)";
				WRAPPER_EXTENSION = xctest;
			};
			name = Debug;
		};
		BA47039218F1217F00B87BEE /* Release */ = {
			isa = XCBuildConfiguration;
			buildSettings = {
				BUNDLE_LOADER = "$(BUILT_PRODUCTS_DIR)/Sam Turner.app/Sam Turner";
				FRAMEWORK_SEARCH_PATHS = (
					"$(SDKROOT)/Developer/Library/Frameworks",
					"$(inherited)",
					"$(DEVELOPER_FRAMEWORKS_DIR)",
				);
				GCC_PRECOMPILE_PREFIX_HEADER = YES;
				GCC_PREFIX_HEADER = "Sam Turner/Sam Turner-Prefix.pch";
				INFOPLIST_FILE = "Sam TurnerTests/Sam TurnerTests-Info.plist";
				PRODUCT_NAME = "$(TARGET_NAME)";
				TEST_HOST = "$(BUNDLE_LOADER)";
				WRAPPER_EXTENSION = xctest;
			};
			name = Release;
		};
/* End XCBuildConfiguration section */

/* Begin XCConfigurationList section */
		BA47035618F1217F00B87BEE /* Build configuration list for PBXProject "Sam Turner" */ = {
			isa = XCConfigurationList;
			buildConfigurations = (
				BA47038B18F1217F00B87BEE /* Debug */,
				BA47038C18F1217F00B87BEE /* Release */,
			);
			defaultConfigurationIsVisible = 0;
			defaultConfigurationName = Release;
		};
		BA47038D18F1217F00B87BEE /* Build configuration list for PBXNativeTarget "Sam Turner" */ = {
			isa = XCConfigurationList;
			buildConfigurations = (
				BA47038E18F1217F00B87BEE /* Debug */,
				BA47038F18F1217F00B87BEE /* Release */,
			);
			defaultConfigurationIsVisible = 0;
			defaultConfigurationName = Release;
		};
		BA47039018F1217F00B87BEE /* Build configuration list for PBXNativeTarget "Sam TurnerTests" */ = {
			isa = XCConfigurationList;
			buildConfigurations = (
				BA47039118F1217F00B87BEE /* Debug */,
				BA47039218F1217F00B87BEE /* Release */,
			);
			defaultConfigurationIsVisible = 0;
			defaultConfigurationName = Release;
		};
/* End XCConfigurationList section */
	};
	rootObject = BA47035318F1217F00B87BEE /* Project object */;
}
